// !$*UTF8*$!
{
	archiveVersion = 1;
	classes = {
	};
	objectVersion = 56;
	objects = {

/* Begin PBXBuildFile section */
		248D59A22A3BE1DB0014BC15 /* TMapSDK.framework in Frameworks */ = {isa = PBXBuildFile; fileRef = 248D59A12A3BE1DA0014BC15 /* TMapSDK.framework */; };
		248D59A32A3BE1DB0014BC15 /* TMapSDK.framework in Embed Frameworks */ = {isa = PBXBuildFile; fileRef = 248D59A12A3BE1DA0014BC15 /* TMapSDK.framework */; settings = {ATTRIBUTES = (CodeSignOnCopy, RemoveHeadersOnCopy, ); }; };
		248D59AB2A3BE2810014BC15 /* SearchViewController.swift in Sources */ = {isa = PBXBuildFile; fileRef = 248D59A72A3BE2810014BC15 /* SearchViewController.swift */; };
		248D59AC2A3BE2810014BC15 /* ResultViewController.swift in Sources */ = {isa = PBXBuildFile; fileRef = 248D59A82A3BE2810014BC15 /* ResultViewController.swift */; };
		248D59AD2A3BE2810014BC15 /* AddressCell.swift in Sources */ = {isa = PBXBuildFile; fileRef = 248D59A92A3BE2810014BC15 /* AddressCell.swift */; };
		248D59AE2A3BE2810014BC15 /* RecentSearchViewController.swift in Sources */ = {isa = PBXBuildFile; fileRef = 248D59AA2A3BE2810014BC15 /* RecentSearchViewController.swift */; };
		24D92DC52A34A243003C0314 /* APIConstans.swift in Sources */ = {isa = PBXBuildFile; fileRef = 24D92DC42A34A243003C0314 /* APIConstans.swift */; };
		24D92DC72A34A2D8003C0314 /* NetworkResult.swift in Sources */ = {isa = PBXBuildFile; fileRef = 24D92DC62A34A2D8003C0314 /* NetworkResult.swift */; };
		24D92DC92A34A390003C0314 /* GetAPIData.swift in Sources */ = {isa = PBXBuildFile; fileRef = 24D92DC82A34A390003C0314 /* GetAPIData.swift */; };
		24D92DCC2A34C6C1003C0314 /* Hotel.swift in Sources */ = {isa = PBXBuildFile; fileRef = 24D92DCB2A34C6C1003C0314 /* Hotel.swift */; };
		24D92DD02A34C7D8003C0314 /* Place.swift in Sources */ = {isa = PBXBuildFile; fileRef = 24D92DCF2A34C7D8003C0314 /* Place.swift */; };
		24DAC1D32A322B4500AE763C /* AppDelegate.swift in Sources */ = {isa = PBXBuildFile; fileRef = 24DAC1D22A322B4500AE763C /* AppDelegate.swift */; };
		24DAC1D52A322B4500AE763C /* SceneDelegate.swift in Sources */ = {isa = PBXBuildFile; fileRef = 24DAC1D42A322B4500AE763C /* SceneDelegate.swift */; };
		24DAC1D72A322B4500AE763C /* ViewController.swift in Sources */ = {isa = PBXBuildFile; fileRef = 24DAC1D62A322B4500AE763C /* ViewController.swift */; };
		24DAC1DA2A322B4500AE763C /* Main.storyboard in Resources */ = {isa = PBXBuildFile; fileRef = 24DAC1D82A322B4500AE763C /* Main.storyboard */; };
		24DAC1DC2A322B4700AE763C /* Assets.xcassets in Resources */ = {isa = PBXBuildFile; fileRef = 24DAC1DB2A322B4700AE763C /* Assets.xcassets */; };
		24DAC1DF2A322B4700AE763C /* LaunchScreen.storyboard in Resources */ = {isa = PBXBuildFile; fileRef = 24DAC1DD2A322B4700AE763C /* LaunchScreen.storyboard */; };
		3FA00CEB0F192CC7CDBFDB52 /* Pods_HelloCity.framework in Frameworks */ = {isa = PBXBuildFile; fileRef = 00C447E12F0604DE6FEFB63B /* Pods_HelloCity.framework */; };
		A58311262A34D1DA00861020 /* HomeViewController.swift in Sources */ = {isa = PBXBuildFile; fileRef = A58311252A34D1DA00861020 /* HomeViewController.swift */; };
		A58311282A34D26800861020 /* SearchViewController.swift in Sources */ = {isa = PBXBuildFile; fileRef = A58311272A34D26800861020 /* SearchViewController.swift */; };
		A583112A2A34DB5700861020 /* BottomNavBar.swift in Sources */ = {isa = PBXBuildFile; fileRef = A58311292A34DB5700861020 /* BottomNavBar.swift */; };
/* End PBXBuildFile section */

/* Begin PBXCopyFilesBuildPhase section */
		248D59A42A3BE1DB0014BC15 /* Embed Frameworks */ = {
			isa = PBXCopyFilesBuildPhase;
			buildActionMask = 2147483647;
			dstPath = "";
			dstSubfolderSpec = 10;
			files = (
				248D59A32A3BE1DB0014BC15 /* TMapSDK.framework in Embed Frameworks */,
			);
			name = "Embed Frameworks";
			runOnlyForDeploymentPostprocessing = 0;
		};
/* End PBXCopyFilesBuildPhase section */

/* Begin PBXFileReference section */
		00C447E12F0604DE6FEFB63B /* Pods_HelloCity.framework */ = {isa = PBXFileReference; explicitFileType = wrapper.framework; includeInIndex = 0; path = Pods_HelloCity.framework; sourceTree = BUILT_PRODUCTS_DIR; };
		248D59A12A3BE1DA0014BC15 /* TMapSDK.framework */ = {isa = PBXFileReference; lastKnownFileType = wrapper.framework; name = TMapSDK.framework; path = ../../Downloads/TMapSDK.framework; sourceTree = "<group>"; };
		248D59A72A3BE2810014BC15 /* SearchViewController.swift */ = {isa = PBXFileReference; fileEncoding = 4; lastKnownFileType = sourcecode.swift; path = SearchViewController.swift; sourceTree = "<group>"; };
		248D59A82A3BE2810014BC15 /* ResultViewController.swift */ = {isa = PBXFileReference; fileEncoding = 4; lastKnownFileType = sourcecode.swift; path = ResultViewController.swift; sourceTree = "<group>"; };
		248D59A92A3BE2810014BC15 /* AddressCell.swift */ = {isa = PBXFileReference; fileEncoding = 4; lastKnownFileType = sourcecode.swift; path = AddressCell.swift; sourceTree = "<group>"; };
		248D59AA2A3BE2810014BC15 /* RecentSearchViewController.swift */ = {isa = PBXFileReference; fileEncoding = 4; lastKnownFileType = sourcecode.swift; path = RecentSearchViewController.swift; sourceTree = "<group>"; };
		24D92DC42A34A243003C0314 /* APIConstans.swift */ = {isa = PBXFileReference; lastKnownFileType = sourcecode.swift; path = APIConstans.swift; sourceTree = "<group>"; };
		24D92DC62A34A2D8003C0314 /* NetworkResult.swift */ = {isa = PBXFileReference; lastKnownFileType = sourcecode.swift; path = NetworkResult.swift; sourceTree = "<group>"; };
		24D92DC82A34A390003C0314 /* GetAPIData.swift */ = {isa = PBXFileReference; lastKnownFileType = sourcecode.swift; path = GetAPIData.swift; sourceTree = "<group>"; };
		24D92DCB2A34C6C1003C0314 /* Hotel.swift */ = {isa = PBXFileReference; lastKnownFileType = sourcecode.swift; path = Hotel.swift; sourceTree = "<group>"; };
		24D92DCF2A34C7D8003C0314 /* Place.swift */ = {isa = PBXFileReference; lastKnownFileType = sourcecode.swift; path = Place.swift; sourceTree = "<group>"; };
		24DAC1CF2A322B4500AE763C /* HelloCity.app */ = {isa = PBXFileReference; explicitFileType = wrapper.application; includeInIndex = 0; path = HelloCity.app; sourceTree = BUILT_PRODUCTS_DIR; };
		24DAC1D22A322B4500AE763C /* AppDelegate.swift */ = {isa = PBXFileReference; lastKnownFileType = sourcecode.swift; path = AppDelegate.swift; sourceTree = "<group>"; };
		24DAC1D42A322B4500AE763C /* SceneDelegate.swift */ = {isa = PBXFileReference; lastKnownFileType = sourcecode.swift; path = SceneDelegate.swift; sourceTree = "<group>"; };
		24DAC1D62A322B4500AE763C /* ViewController.swift */ = {isa = PBXFileReference; lastKnownFileType = sourcecode.swift; path = ViewController.swift; sourceTree = "<group>"; };
		24DAC1D92A322B4500AE763C /* Base */ = {isa = PBXFileReference; lastKnownFileType = file.storyboard; name = Base; path = Base.lproj/Main.storyboard; sourceTree = "<group>"; };
		24DAC1DB2A322B4700AE763C /* Assets.xcassets */ = {isa = PBXFileReference; lastKnownFileType = folder.assetcatalog; path = Assets.xcassets; sourceTree = "<group>"; };
		24DAC1DE2A322B4700AE763C /* Base */ = {isa = PBXFileReference; lastKnownFileType = file.storyboard; name = Base; path = Base.lproj/LaunchScreen.storyboard; sourceTree = "<group>"; };
		24DAC1E02A322B4700AE763C /* Info.plist */ = {isa = PBXFileReference; lastKnownFileType = text.plist.xml; path = Info.plist; sourceTree = "<group>"; };
		36A5469EDE7268777C0E7C91 /* Pods-HelloCity.release.xcconfig */ = {isa = PBXFileReference; includeInIndex = 1; lastKnownFileType = text.xcconfig; name = "Pods-HelloCity.release.xcconfig"; path = "Target Support Files/Pods-HelloCity/Pods-HelloCity.release.xcconfig"; sourceTree = "<group>"; };
		387A5EAEE3E4B25DA31AAE44 /* Pods-HelloCity.debug.xcconfig */ = {isa = PBXFileReference; includeInIndex = 1; lastKnownFileType = text.xcconfig; name = "Pods-HelloCity.debug.xcconfig"; path = "Target Support Files/Pods-HelloCity/Pods-HelloCity.debug.xcconfig"; sourceTree = "<group>"; };
		A58311252A34D1DA00861020 /* HomeViewController.swift */ = {isa = PBXFileReference; lastKnownFileType = sourcecode.swift; path = HomeViewController.swift; sourceTree = "<group>"; };
		A58311272A34D26800861020 /* SearchViewController.swift */ = {isa = PBXFileReference; lastKnownFileType = sourcecode.swift; path = SearchViewController.swift; sourceTree = "<group>"; };
		A58311292A34DB5700861020 /* BottomNavBar.swift */ = {isa = PBXFileReference; lastKnownFileType = sourcecode.swift; path = BottomNavBar.swift; sourceTree = "<group>"; };
/* End PBXFileReference section */

/* Begin PBXFrameworksBuildPhase section */
		24DAC1CC2A322B4500AE763C /* Frameworks */ = {
			isa = PBXFrameworksBuildPhase;
			buildActionMask = 2147483647;
			files = (
				3FA00CEB0F192CC7CDBFDB52 /* Pods_HelloCity.framework in Frameworks */,
				248D59A22A3BE1DB0014BC15 /* TMapSDK.framework in Frameworks */,
			);
			runOnlyForDeploymentPostprocessing = 0;
		};
/* End PBXFrameworksBuildPhase section */

/* Begin PBXGroup section */
		248D59A62A3BE2810014BC15 /* View */ = {
			isa = PBXGroup;
			children = (
				248D59A72A3BE2810014BC15 /* SearchViewController.swift */,
				248D59A82A3BE2810014BC15 /* ResultViewController.swift */,
				248D59A92A3BE2810014BC15 /* AddressCell.swift */,
				248D59AA2A3BE2810014BC15 /* RecentSearchViewController.swift */,
			);
			path = View;
			sourceTree = "<group>";
		};
		24D92DC32A34A233003C0314 /* Network */ = {
			isa = PBXGroup;
			children = (
				24D92DC42A34A243003C0314 /* APIConstans.swift */,
				24D92DC62A34A2D8003C0314 /* NetworkResult.swift */,
				24D92DC82A34A390003C0314 /* GetAPIData.swift */,
				A58311272A34D26800861020 /* SearchViewController.swift */,
			);
			path = Network;
			sourceTree = "<group>";
		};
		24D92DCA2A34A503003C0314 /* Model */ = {
			isa = PBXGroup;
			children = (
				24D92DCB2A34C6C1003C0314 /* Hotel.swift */,
				24D92DCF2A34C7D8003C0314 /* Place.swift */,
			);
			path = Model;
			sourceTree = "<group>";
		};
		24DAC1C62A322B4500AE763C = {
			isa = PBXGroup;
			children = (
				24DAC1D12A322B4500AE763C /* HelloCity */,
				24DAC1D02A322B4500AE763C /* Products */,
				F930984A4832D68256289F17 /* Pods */,
				CDED88692AD1D8DF8CDAF5E6 /* Frameworks */,
			);
			sourceTree = "<group>";
		};
		24DAC1D02A322B4500AE763C /* Products */ = {
			isa = PBXGroup;
			children = (
				24DAC1CF2A322B4500AE763C /* HelloCity.app */,
			);
			name = Products;
			sourceTree = "<group>";
		};
		24DAC1D12A322B4500AE763C /* HelloCity */ = {
			isa = PBXGroup;
			children = (
				248D59A62A3BE2810014BC15 /* View */,
				24D92DCA2A34A503003C0314 /* Model */,
				24D92DC32A34A233003C0314 /* Network */,
				24DAC1D22A322B4500AE763C /* AppDelegate.swift */,
				24DAC1D42A322B4500AE763C /* SceneDelegate.swift */,
				24DAC1D62A322B4500AE763C /* ViewController.swift */,
				24DAC1D82A322B4500AE763C /* Main.storyboard */,
				24DAC1DB2A322B4700AE763C /* Assets.xcassets */,
				24DAC1DD2A322B4700AE763C /* LaunchScreen.storyboard */,
				24DAC1E02A322B4700AE763C /* Info.plist */,
				A58311252A34D1DA00861020 /* HomeViewController.swift */,
				A58311292A34DB5700861020 /* BottomNavBar.swift */,
			);
			path = HelloCity;
			sourceTree = "<group>";
		};
		CDED88692AD1D8DF8CDAF5E6 /* Frameworks */ = {
			isa = PBXGroup;
			children = (
				248D59A12A3BE1DA0014BC15 /* TMapSDK.framework */,
				00C447E12F0604DE6FEFB63B /* Pods_HelloCity.framework */,
			);
			name = Frameworks;
			sourceTree = "<group>";
		};
		F930984A4832D68256289F17 /* Pods */ = {
			isa = PBXGroup;
			children = (
				387A5EAEE3E4B25DA31AAE44 /* Pods-HelloCity.debug.xcconfig */,
				36A5469EDE7268777C0E7C91 /* Pods-HelloCity.release.xcconfig */,
			);
			path = Pods;
			sourceTree = "<group>";
		};
/* End PBXGroup section */

/* Begin PBXNativeTarget section */
		24DAC1CE2A322B4500AE763C /* HelloCity */ = {
			isa = PBXNativeTarget;
			buildConfigurationList = 24DAC1E32A322B4700AE763C /* Build configuration list for PBXNativeTarget "HelloCity" */;
			buildPhases = (
				C5A324C2235776F75E12F89E /* [CP] Check Pods Manifest.lock */,
				24DAC1CB2A322B4500AE763C /* Sources */,
				24DAC1CC2A322B4500AE763C /* Frameworks */,
				24DAC1CD2A322B4500AE763C /* Resources */,
				C873A5B72B78475843AF9998 /* [CP] Embed Pods Frameworks */,
				248D59A42A3BE1DB0014BC15 /* Embed Frameworks */,
			);
			buildRules = (
			);
			dependencies = (
			);
			name = HelloCity;
			productName = HelloCity;
			productReference = 24DAC1CF2A322B4500AE763C /* HelloCity.app */;
			productType = "com.apple.product-type.application";
		};
/* End PBXNativeTarget section */

/* Begin PBXProject section */
		24DAC1C72A322B4500AE763C /* Project object */ = {
			isa = PBXProject;
			attributes = {
				BuildIndependentTargetsInParallel = 1;
				LastSwiftUpdateCheck = 1420;
				LastUpgradeCheck = 1420;
				TargetAttributes = {
					24DAC1CE2A322B4500AE763C = {
						CreatedOnToolsVersion = 14.2;
					};
				};
			};
			buildConfigurationList = 24DAC1CA2A322B4500AE763C /* Build configuration list for PBXProject "HelloCity" */;
			compatibilityVersion = "Xcode 14.0";
			developmentRegion = en;
			hasScannedForEncodings = 0;
			knownRegions = (
				en,
				Base,
			);
			mainGroup = 24DAC1C62A322B4500AE763C;
			productRefGroup = 24DAC1D02A322B4500AE763C /* Products */;
			projectDirPath = "";
			projectRoot = "";
			targets = (
				24DAC1CE2A322B4500AE763C /* HelloCity */,
			);
		};
/* End PBXProject section */

/* Begin PBXResourcesBuildPhase section */
		24DAC1CD2A322B4500AE763C /* Resources */ = {
			isa = PBXResourcesBuildPhase;
			buildActionMask = 2147483647;
			files = (
				24DAC1DF2A322B4700AE763C /* LaunchScreen.storyboard in Resources */,
				24DAC1DC2A322B4700AE763C /* Assets.xcassets in Resources */,
				24DAC1DA2A322B4500AE763C /* Main.storyboard in Resources */,
			);
			runOnlyForDeploymentPostprocessing = 0;
		};
/* End PBXResourcesBuildPhase section */

/* Begin PBXShellScriptBuildPhase section */
		C5A324C2235776F75E12F89E /* [CP] Check Pods Manifest.lock */ = {
			isa = PBXShellScriptBuildPhase;
			buildActionMask = 2147483647;
			files = (
			);
			inputFileListPaths = (
			);
			inputPaths = (
				"${PODS_PODFILE_DIR_PATH}/Podfile.lock",
				"${PODS_ROOT}/Manifest.lock",
			);
			name = "[CP] Check Pods Manifest.lock";
			outputFileListPaths = (
			);
			outputPaths = (
				"$(DERIVED_FILE_DIR)/Pods-HelloCity-checkManifestLockResult.txt",
			);
			runOnlyForDeploymentPostprocessing = 0;
			shellPath = /bin/sh;
			shellScript = "diff \"${PODS_PODFILE_DIR_PATH}/Podfile.lock\" \"${PODS_ROOT}/Manifest.lock\" > /dev/null\nif [ $? != 0 ] ; then\n    # print error to STDERR\n    echo \"error: The sandbox is not in sync with the Podfile.lock. Run 'pod install' or update your CocoaPods installation.\" >&2\n    exit 1\nfi\n# This output is used by Xcode 'outputs' to avoid re-running this script phase.\necho \"SUCCESS\" > \"${SCRIPT_OUTPUT_FILE_0}\"\n";
			showEnvVarsInLog = 0;
		};
		C873A5B72B78475843AF9998 /* [CP] Embed Pods Frameworks */ = {
			isa = PBXShellScriptBuildPhase;
			buildActionMask = 2147483647;
			files = (
			);
			inputFileListPaths = (
				"${PODS_ROOT}/Target Support Files/Pods-HelloCity/Pods-HelloCity-frameworks-${CONFIGURATION}-input-files.xcfilelist",
			);
			name = "[CP] Embed Pods Frameworks";
			outputFileListPaths = (
				"${PODS_ROOT}/Target Support Files/Pods-HelloCity/Pods-HelloCity-frameworks-${CONFIGURATION}-output-files.xcfilelist",
			);
			runOnlyForDeploymentPostprocessing = 0;
			shellPath = /bin/sh;
			shellScript = "\"${PODS_ROOT}/Target Support Files/Pods-HelloCity/Pods-HelloCity-frameworks.sh\"\n";
			showEnvVarsInLog = 0;
		};
/* End PBXShellScriptBuildPhase section */

/* Begin PBXSourcesBuildPhase section */
		24DAC1CB2A322B4500AE763C /* Sources */ = {
			isa = PBXSourcesBuildPhase;
			buildActionMask = 2147483647;
			files = (
				248D59AC2A3BE2810014BC15 /* ResultViewController.swift in Sources */,
				24DAC1D72A322B4500AE763C /* ViewController.swift in Sources */,
				24D92DC72A34A2D8003C0314 /* NetworkResult.swift in Sources */,
				A583112A2A34DB5700861020 /* BottomNavBar.swift in Sources */,
				A58311282A34D26800861020 /* SearchViewController.swift in Sources */,
				24DAC1D32A322B4500AE763C /* AppDelegate.swift in Sources */,
				24D92DC92A34A390003C0314 /* GetAPIData.swift in Sources */,
				248D59AE2A3BE2810014BC15 /* RecentSearchViewController.swift in Sources */,
				248D59AB2A3BE2810014BC15 /* SearchViewController.swift in Sources */,
				248D59AD2A3BE2810014BC15 /* AddressCell.swift in Sources */,
				24DAC1D52A322B4500AE763C /* SceneDelegate.swift in Sources */,
				A58311262A34D1DA00861020 /* HomeViewController.swift in Sources */,
				24D92DD02A34C7D8003C0314 /* Place.swift in Sources */,
				24D92DC52A34A243003C0314 /* APIConstans.swift in Sources */,
				24D92DCC2A34C6C1003C0314 /* Hotel.swift in Sources */,
			);
			runOnlyForDeploymentPostprocessing = 0;
		};
/* End PBXSourcesBuildPhase section */

/* Begin PBXVariantGroup section */
		24DAC1D82A322B4500AE763C /* Main.storyboard */ = {
			isa = PBXVariantGroup;
			children = (
				24DAC1D92A322B4500AE763C /* Base */,
			);
			name = Main.storyboard;
			sourceTree = "<group>";
		};
		24DAC1DD2A322B4700AE763C /* LaunchScreen.storyboard */ = {
			isa = PBXVariantGroup;
			children = (
				24DAC1DE2A322B4700AE763C /* Base */,
			);
			name = LaunchScreen.storyboard;
			sourceTree = "<group>";
		};
/* End PBXVariantGroup section */

/* Begin XCBuildConfiguration section */
		24DAC1E12A322B4700AE763C /* Debug */ = {
			isa = XCBuildConfiguration;
			buildSettings = {
				ALWAYS_SEARCH_USER_PATHS = NO;
				CLANG_ANALYZER_NONNULL = YES;
				CLANG_ANALYZER_NUMBER_OBJECT_CONVERSION = YES_AGGRESSIVE;
				CLANG_CXX_LANGUAGE_STANDARD = "gnu++20";
				CLANG_ENABLE_MODULES = YES;
				CLANG_ENABLE_OBJC_ARC = YES;
				CLANG_ENABLE_OBJC_WEAK = YES;
				CLANG_WARN_BLOCK_CAPTURE_AUTORELEASING = YES;
				CLANG_WARN_BOOL_CONVERSION = YES;
				CLANG_WARN_COMMA = YES;
				CLANG_WARN_CONSTANT_CONVERSION = YES;
				CLANG_WARN_DEPRECATED_OBJC_IMPLEMENTATIONS = YES;
				CLANG_WARN_DIRECT_OBJC_ISA_USAGE = YES_ERROR;
				CLANG_WARN_DOCUMENTATION_COMMENTS = YES;
				CLANG_WARN_EMPTY_BODY = YES;
				CLANG_WARN_ENUM_CONVERSION = YES;
				CLANG_WARN_INFINITE_RECURSION = YES;
				CLANG_WARN_INT_CONVERSION = YES;
				CLANG_WARN_NON_LITERAL_NULL_CONVERSION = YES;
				CLANG_WARN_OBJC_IMPLICIT_RETAIN_SELF = YES;
				CLANG_WARN_OBJC_LITERAL_CONVERSION = YES;
				CLANG_WARN_OBJC_ROOT_CLASS = YES_ERROR;
				CLANG_WARN_QUOTED_INCLUDE_IN_FRAMEWORK_HEADER = YES;
				CLANG_WARN_RANGE_LOOP_ANALYSIS = YES;
				CLANG_WARN_STRICT_PROTOTYPES = YES;
				CLANG_WARN_SUSPICIOUS_MOVE = YES;
				CLANG_WARN_UNGUARDED_AVAILABILITY = YES_AGGRESSIVE;
				CLANG_WARN_UNREACHABLE_CODE = YES;
				CLANG_WARN__DUPLICATE_METHOD_MATCH = YES;
				COPY_PHASE_STRIP = NO;
				DEBUG_INFORMATION_FORMAT = dwarf;
				ENABLE_STRICT_OBJC_MSGSEND = YES;
				ENABLE_TESTABILITY = YES;
				GCC_C_LANGUAGE_STANDARD = gnu11;
				GCC_DYNAMIC_NO_PIC = NO;
				GCC_NO_COMMON_BLOCKS = YES;
				GCC_OPTIMIZATION_LEVEL = 0;
				GCC_PREPROCESSOR_DEFINITIONS = (
					"DEBUG=1",
					"$(inherited)",
				);
				GCC_WARN_64_TO_32_BIT_CONVERSION = YES;
				GCC_WARN_ABOUT_RETURN_TYPE = YES_ERROR;
				GCC_WARN_UNDECLARED_SELECTOR = YES;
				GCC_WARN_UNINITIALIZED_AUTOS = YES_AGGRESSIVE;
				GCC_WARN_UNUSED_FUNCTION = YES;
				GCC_WARN_UNUSED_VARIABLE = YES;
				IPHONEOS_DEPLOYMENT_TARGET = 13.0;
				MTL_ENABLE_DEBUG_INFO = INCLUDE_SOURCE;
				MTL_FAST_MATH = YES;
				ONLY_ACTIVE_ARCH = YES;
				SDKROOT = iphoneos;
				SWIFT_ACTIVE_COMPILATION_CONDITIONS = DEBUG;
				SWIFT_OPTIMIZATION_LEVEL = "-Onone";
			};
			name = Debug;
		};
		24DAC1E22A322B4700AE763C /* Release */ = {
			isa = XCBuildConfiguration;
			buildSettings = {
				ALWAYS_SEARCH_USER_PATHS = NO;
				CLANG_ANALYZER_NONNULL = YES;
				CLANG_ANALYZER_NUMBER_OBJECT_CONVERSION = YES_AGGRESSIVE;
				CLANG_CXX_LANGUAGE_STANDARD = "gnu++20";
				CLANG_ENABLE_MODULES = YES;
				CLANG_ENABLE_OBJC_ARC = YES;
				CLANG_ENABLE_OBJC_WEAK = YES;
				CLANG_WARN_BLOCK_CAPTURE_AUTORELEASING = YES;
				CLANG_WARN_BOOL_CONVERSION = YES;
				CLANG_WARN_COMMA = YES;
				CLANG_WARN_CONSTANT_CONVERSION = YES;
				CLANG_WARN_DEPRECATED_OBJC_IMPLEMENTATIONS = YES;
				CLANG_WARN_DIRECT_OBJC_ISA_USAGE = YES_ERROR;
				CLANG_WARN_DOCUMENTATION_COMMENTS = YES;
				CLANG_WARN_EMPTY_BODY = YES;
				CLANG_WARN_ENUM_CONVERSION = YES;
				CLANG_WARN_INFINITE_RECURSION = YES;
				CLANG_WARN_INT_CONVERSION = YES;
				CLANG_WARN_NON_LITERAL_NULL_CONVERSION = YES;
				CLANG_WARN_OBJC_IMPLICIT_RETAIN_SELF = YES;
				CLANG_WARN_OBJC_LITERAL_CONVERSION = YES;
				CLANG_WARN_OBJC_ROOT_CLASS = YES_ERROR;
				CLANG_WARN_QUOTED_INCLUDE_IN_FRAMEWORK_HEADER = YES;
				CLANG_WARN_RANGE_LOOP_ANALYSIS = YES;
				CLANG_WARN_STRICT_PROTOTYPES = YES;
				CLANG_WARN_SUSPICIOUS_MOVE = YES;
				CLANG_WARN_UNGUARDED_AVAILABILITY = YES_AGGRESSIVE;
				CLANG_WARN_UNREACHABLE_CODE = YES;
				CLANG_WARN__DUPLICATE_METHOD_MATCH = YES;
				COPY_PHASE_STRIP = NO;
				DEBUG_INFORMATION_FORMAT = "dwarf-with-dsym";
				ENABLE_NS_ASSERTIONS = NO;
				ENABLE_STRICT_OBJC_MSGSEND = YES;
				GCC_C_LANGUAGE_STANDARD = gnu11;
				GCC_NO_COMMON_BLOCKS = YES;
				GCC_WARN_64_TO_32_BIT_CONVERSION = YES;
				GCC_WARN_ABOUT_RETURN_TYPE = YES_ERROR;
				GCC_WARN_UNDECLARED_SELECTOR = YES;
				GCC_WARN_UNINITIALIZED_AUTOS = YES_AGGRESSIVE;
				GCC_WARN_UNUSED_FUNCTION = YES;
				GCC_WARN_UNUSED_VARIABLE = YES;
				IPHONEOS_DEPLOYMENT_TARGET = 13.0;
				MTL_ENABLE_DEBUG_INFO = NO;
				MTL_FAST_MATH = YES;
				SDKROOT = iphoneos;
				SWIFT_COMPILATION_MODE = wholemodule;
				SWIFT_OPTIMIZATION_LEVEL = "-O";
				VALIDATE_PRODUCT = YES;
			};
			name = Release;
		};
		24DAC1E42A322B4700AE763C /* Debug */ = {
			isa = XCBuildConfiguration;
			baseConfigurationReference = 387A5EAEE3E4B25DA31AAE44 /* Pods-HelloCity.debug.xcconfig */;
			buildSettings = {
				ASSETCATALOG_COMPILER_APPICON_NAME = AppIcon;
				ASSETCATALOG_COMPILER_GLOBAL_ACCENT_COLOR_NAME = AccentColor;
				CODE_SIGN_STYLE = Automatic;
				CURRENT_PROJECT_VERSION = 1;
				DEVELOPMENT_TEAM = W8CRMFUW56;
				GENERATE_INFOPLIST_FILE = YES;
				INFOPLIST_FILE = HelloCity/Info.plist;
				INFOPLIST_KEY_UIApplicationSupportsIndirectInputEvents = YES;
				INFOPLIST_KEY_UILaunchStoryboardName = LaunchScreen;
				INFOPLIST_KEY_UIMainStoryboardFile = Main;
				INFOPLIST_KEY_UISupportedInterfaceOrientations_iPad = "UIInterfaceOrientationPortrait UIInterfaceOrientationPortraitUpsideDown UIInterfaceOrientationLandscapeLeft UIInterfaceOrientationLandscapeRight";
				INFOPLIST_KEY_UISupportedInterfaceOrientations_iPhone = "UIInterfaceOrientationPortrait UIInterfaceOrientationLandscapeLeft UIInterfaceOrientationLandscapeRight";
				LD_RUNPATH_SEARCH_PATHS = (
					"$(inherited)",
					"@executable_path/Frameworks",
				);
				MARKETING_VERSION = 1.0;
				PRODUCT_BUNDLE_IDENTIFIER = freemjstudio.HelloCity;
				PRODUCT_NAME = "$(TARGET_NAME)";
				SWIFT_EMIT_LOC_STRINGS = YES;
				SWIFT_VERSION = 5.0;
				TARGETED_DEVICE_FAMILY = "1,2";
			};
			name = Debug;
		};
		24DAC1E52A322B4700AE763C /* Release */ = {
			isa = XCBuildConfiguration;
			baseConfigurationReference = 36A5469EDE7268777C0E7C91 /* Pods-HelloCity.release.xcconfig */;
			buildSettings = {
				ASSETCATALOG_COMPILER_APPICON_NAME = AppIcon;
				ASSETCATALOG_COMPILER_GLOBAL_ACCENT_COLOR_NAME = AccentColor;
				CODE_SIGN_STYLE = Automatic;
				CURRENT_PROJECT_VERSION = 1;
				DEVELOPMENT_TEAM = W8CRMFUW56;
				GENERATE_INFOPLIST_FILE = YES;
				INFOPLIST_FILE = HelloCity/Info.plist;
				INFOPLIST_KEY_UIApplicationSupportsIndirectInputEvents = YES;
				INFOPLIST_KEY_UILaunchStoryboardName = LaunchScreen;
				INFOPLIST_KEY_UIMainStoryboardFile = Main;
				INFOPLIST_KEY_UISupportedInterfaceOrientations_iPad = "UIInterfaceOrientationPortrait UIInterfaceOrientationPortraitUpsideDown UIInterfaceOrientationLandscapeLeft UIInterfaceOrientationLandscapeRight";
				INFOPLIST_KEY_UISupportedInterfaceOrientations_iPhone = "UIInterfaceOrientationPortrait UIInterfaceOrientationLandscapeLeft UIInterfaceOrientationLandscapeRight";
				LD_RUNPATH_SEARCH_PATHS = (
					"$(inherited)",
					"@executable_path/Frameworks",
				);
				MARKETING_VERSION = 1.0;
				PRODUCT_BUNDLE_IDENTIFIER = freemjstudio.HelloCity;
				PRODUCT_NAME = "$(TARGET_NAME)";
				SWIFT_EMIT_LOC_STRINGS = YES;
				SWIFT_VERSION = 5.0;
				TARGETED_DEVICE_FAMILY = "1,2";
			};
			name = Release;
		};
/* End XCBuildConfiguration section */

/* Begin XCConfigurationList section */
		24DAC1CA2A322B4500AE763C /* Build configuration list for PBXProject "HelloCity" */ = {
			isa = XCConfigurationList;
			buildConfigurations = (
				24DAC1E12A322B4700AE763C /* Debug */,
				24DAC1E22A322B4700AE763C /* Release */,
			);
			defaultConfigurationIsVisible = 0;
			defaultConfigurationName = Release;
		};
		24DAC1E32A322B4700AE763C /* Build configuration list for PBXNativeTarget "HelloCity" */ = {
			isa = XCConfigurationList;
			buildConfigurations = (
				24DAC1E42A322B4700AE763C /* Debug */,
				24DAC1E52A322B4700AE763C /* Release */,
			);
			defaultConfigurationIsVisible = 0;
			defaultConfigurationName = Release;
		};
/* End XCConfigurationList section */
	};
	rootObject = 24DAC1C72A322B4500AE763C /* Project object */;
}
